
Microsoft Visual Studio Solution File, Format Version 12.00
Project("{FAE04EC0-301F-11D3-BF4B-00C04F79EFBC}") = "SVGthree", "SVGthree.csproj", "{F63220E9-D968-40CF-8F4D-83FA703AE538}"
EndProject
Global
	GlobalSection(SolutionConfigurationPlatforms) = preSolution
		Debug|Any CPU = Debug|Any CPU
		Release|Any CPU = Release|Any CPU
	EndGlobalSection
	GlobalSection(ProjectConfigurationPlatforms) = postSolution
		{F63220E9-D968-40CF-8F4D-83FA703AE538}.Debug|Any CPU.ActiveCfg = Debug|Any CPU
		{F63220E9-D968-40CF-8F4D-83FA703AE538}.Debug|Any CPU.Build.0 = Debug|Any CPU
		{F63220E9-D968-40CF-8F4D-83FA703AE538}.Release|Any CPU.ActiveCfg = Release|Any CPU
		{F63220E9-D968-40CF-8F4D-83FA703AE538}.Release|Any CPU.Build.0 = Release|Any CPU
	EndGlobalSection
EndGlobal
